
Microsoft Visual Studio Solution File, Format Version 12.00
# Visual Studio Version 16
VisualStudioVersion = 16.0.31205.134
MinimumVisualStudioVersion = 10.0.40219.1
Project("{FAE04EC0-301F-11D3-BF4B-00C04F79EFBC}") = "BlueBirdWindowsCL", "BlueBirdWindowsCL.csproj", "{C9C9AA06-8A1C-4006-A1B0-1665B324787E}"
EndProject
Global
	GlobalSection(SolutionConfigurationPlatforms) = preSolution
		Debug|Any CPU = Debug|Any CPU
		Release|Any CPU = Release|Any CPU
	EndGlobalSection
	GlobalSection(ProjectConfigurationPlatforms) = postSolution
		{C9C9AA06-8A1C-4006-A1B0-1665B324787E}.Debug|Any CPU.ActiveCfg = Debug|Any CPU
		{C9C9AA06-8A1C-4006-A1B0-1665B324787E}.Debug|Any CPU.Build.0 = Debug|Any CPU
		{C9C9AA06-8A1C-4006-A1B0-1665B324787E}.Release|Any CPU.ActiveCfg = Release|Any CPU
		{C9C9AA06-8A1C-4006-A1B0-1665B324787E}.Release|Any CPU.Build.0 = Release|Any CPU
	EndGlobalSection
	GlobalSection(SolutionProperties) = preSolution
		HideSolutionNode = FALSE
	EndGlobalSection
	GlobalSection(ExtensibilityGlobals) = postSolution
		SolutionGuid = {AB90A5D5-051B-466B-A4BA-99D3C379682A}
	EndGlobalSection
EndGlobal
